
Microsoft Visual Studio Solution File, Format Version 12.00
# Visual Studio Version 17
VisualStudioVersion = 17.3.32901.215
MinimumVisualStudioVersion = 10.0.40219.1
Project("{9A19103F-16F7-4668-BE54-9A1E7A4F7556}") = "stage0", "stage0\stage0.csproj", "{4FED8CE7-6998-4CB0-8BF4-6C2F1236BF28}"
EndProject
Project("{2150E333-8FDC-42A3-9474-1A3956D46DE8}") = "Solution Items", "Solution Items", "{E4A13232-9523-4F49-BA71-FBF0D00E8E3C}"
	ProjectSection(SolutionItems) = preProject
		README.md = README.md
	EndProjectSection
EndProject
Project("{9A19103F-16F7-4668-BE54-9A1E7A4F7556}") = "DalFacade", "DalFacade\DalFacade.csproj", "{7FE0B02C-9596-44EF-B7FA-FEA194194102}"
EndProject
Project("{9A19103F-16F7-4668-BE54-9A1E7A4F7556}") = "DalList", "DalList\DalList.csproj", "{EE9F731B-10BB-4748-BBD7-BD015F79A465}"
EndProject
Project("{FAE04EC0-301F-11D3-BF4B-00C04F79EFBC}") = "DalTest", "DalTest\DalTest.csproj", "{96A24A6E-3B70-4775-837E-BA1216182BC5}"
	ProjectSection(ProjectDependencies) = postProject
		{7FE0B02C-9596-44EF-B7FA-FEA194194102} = {7FE0B02C-9596-44EF-B7FA-FEA194194102}
		{EE9F731B-10BB-4748-BBD7-BD015F79A465} = {EE9F731B-10BB-4748-BBD7-BD015F79A465}
	EndProjectSection
EndProject
Global
	GlobalSection(SolutionConfigurationPlatforms) = preSolution
		Debug|Any CPU = Debug|Any CPU
		Release|Any CPU = Release|Any CPU
	EndGlobalSection
	GlobalSection(ProjectConfigurationPlatforms) = postSolution
		{4FED8CE7-6998-4CB0-8BF4-6C2F1236BF28}.Debug|Any CPU.ActiveCfg = Debug|Any CPU
		{4FED8CE7-6998-4CB0-8BF4-6C2F1236BF28}.Debug|Any CPU.Build.0 = Debug|Any CPU
		{4FED8CE7-6998-4CB0-8BF4-6C2F1236BF28}.Release|Any CPU.ActiveCfg = Release|Any CPU
		{4FED8CE7-6998-4CB0-8BF4-6C2F1236BF28}.Release|Any CPU.Build.0 = Release|Any CPU
		{7FE0B02C-9596-44EF-B7FA-FEA194194102}.Debug|Any CPU.ActiveCfg = Debug|Any CPU
		{7FE0B02C-9596-44EF-B7FA-FEA194194102}.Debug|Any CPU.Build.0 = Debug|Any CPU
		{7FE0B02C-9596-44EF-B7FA-FEA194194102}.Release|Any CPU.ActiveCfg = Release|Any CPU
		{7FE0B02C-9596-44EF-B7FA-FEA194194102}.Release|Any CPU.Build.0 = Release|Any CPU
		{EE9F731B-10BB-4748-BBD7-BD015F79A465}.Debug|Any CPU.ActiveCfg = Debug|Any CPU
		{EE9F731B-10BB-4748-BBD7-BD015F79A465}.Debug|Any CPU.Build.0 = Debug|Any CPU
		{EE9F731B-10BB-4748-BBD7-BD015F79A465}.Release|Any CPU.ActiveCfg = Release|Any CPU
		{EE9F731B-10BB-4748-BBD7-BD015F79A465}.Release|Any CPU.Build.0 = Release|Any CPU
		{96A24A6E-3B70-4775-837E-BA1216182BC5}.Debug|Any CPU.ActiveCfg = Debug|Any CPU
		{96A24A6E-3B70-4775-837E-BA1216182BC5}.Debug|Any CPU.Build.0 = Debug|Any CPU
		{96A24A6E-3B70-4775-837E-BA1216182BC5}.Release|Any CPU.ActiveCfg = Release|Any CPU
		{96A24A6E-3B70-4775-837E-BA1216182BC5}.Release|Any CPU.Build.0 = Release|Any CPU
	EndGlobalSection
	GlobalSection(SolutionProperties) = preSolution
		HideSolutionNode = FALSE
	EndGlobalSection
	GlobalSection(ExtensibilityGlobals) = postSolution
		SolutionGuid = {A7AE30A5-E839-42FE-8AD4-6E73D81FFE03}
	EndGlobalSection
EndGlobal
