
Microsoft Visual Studio Solution File, Format Version 12.00
# Visual Studio Version 17
VisualStudioVersion = 17.3.32901.215
MinimumVisualStudioVersion = 10.0.40219.1
Project("{9A19103F-16F7-4668-BE54-9A1E7A4F7556}") = "stage0", "stage0\stage0.csproj", "{4FED8CE7-6998-4CB0-8BF4-6C2F1236BF28}"
EndProject
Project("{FAE04EC0-301F-11D3-BF4B-00C04F79EFBC}") = "DalFacade", "DalFacade\DalFacade.csproj", "{14D5B3B6-8274-4340-AC18-6F348C24C189}"
EndProject
Project("{FAE04EC0-301F-11D3-BF4B-00C04F79EFBC}") = "DalList", "DalList\DalList.csproj", "{68C57E90-1365-4218-89D2-1AF089BF0FCD}"
EndProject
Project("{FAE04EC0-301F-11D3-BF4B-00C04F79EFBC}") = "DalTest", "DalTest\DalTest.csproj", "{F2BBDB5C-ED4B-452D-BDD2-A70DF155D273}"
EndProject
Global
	GlobalSection(SolutionConfigurationPlatforms) = preSolution
		Debug|Any CPU = Debug|Any CPU
		Release|Any CPU = Release|Any CPU
	EndGlobalSection
	GlobalSection(ProjectConfigurationPlatforms) = postSolution
		{4FED8CE7-6998-4CB0-8BF4-6C2F1236BF28}.Debug|Any CPU.ActiveCfg = Debug|Any CPU
		{4FED8CE7-6998-4CB0-8BF4-6C2F1236BF28}.Debug|Any CPU.Build.0 = Debug|Any CPU
		{4FED8CE7-6998-4CB0-8BF4-6C2F1236BF28}.Release|Any CPU.ActiveCfg = Release|Any CPU
		{4FED8CE7-6998-4CB0-8BF4-6C2F1236BF28}.Release|Any CPU.Build.0 = Release|Any CPU
		{14D5B3B6-8274-4340-AC18-6F348C24C189}.Debug|Any CPU.ActiveCfg = Debug|Any CPU
		{14D5B3B6-8274-4340-AC18-6F348C24C189}.Debug|Any CPU.Build.0 = Debug|Any CPU
		{14D5B3B6-8274-4340-AC18-6F348C24C189}.Release|Any CPU.ActiveCfg = Release|Any CPU
		{14D5B3B6-8274-4340-AC18-6F348C24C189}.Release|Any CPU.Build.0 = Release|Any CPU
		{68C57E90-1365-4218-89D2-1AF089BF0FCD}.Debug|Any CPU.ActiveCfg = Debug|Any CPU
		{68C57E90-1365-4218-89D2-1AF089BF0FCD}.Debug|Any CPU.Build.0 = Debug|Any CPU
		{68C57E90-1365-4218-89D2-1AF089BF0FCD}.Release|Any CPU.ActiveCfg = Release|Any CPU
		{68C57E90-1365-4218-89D2-1AF089BF0FCD}.Release|Any CPU.Build.0 = Release|Any CPU
		{F2BBDB5C-ED4B-452D-BDD2-A70DF155D273}.Debug|Any CPU.ActiveCfg = Debug|Any CPU
		{F2BBDB5C-ED4B-452D-BDD2-A70DF155D273}.Debug|Any CPU.Build.0 = Debug|Any CPU
		{F2BBDB5C-ED4B-452D-BDD2-A70DF155D273}.Release|Any CPU.ActiveCfg = Release|Any CPU
		{F2BBDB5C-ED4B-452D-BDD2-A70DF155D273}.Release|Any CPU.Build.0 = Release|Any CPU
	EndGlobalSection
	GlobalSection(SolutionProperties) = preSolution
		HideSolutionNode = FALSE
	EndGlobalSection
	GlobalSection(ExtensibilityGlobals) = postSolution
		SolutionGuid = {A7AE30A5-E839-42FE-8AD4-6E73D81FFE03}
	EndGlobalSection
EndGlobal
