
Microsoft Visual Studio Solution File, Format Version 12.00
# Visual Studio Version 17
VisualStudioVersion = 17.3.32901.215
MinimumVisualStudioVersion = 10.0.40219.1
Project("{9A19103F-16F7-4668-BE54-9A1E7A4F7556}") = "stage0", "stage0\stage0.csproj", "{4FED8CE7-6998-4CB0-8BF4-6C2F1236BF28}"
EndProject
Project("{9A19103F-16F7-4668-BE54-9A1E7A4F7556}") = "DalTest", "DalTest\DalTest.csproj", "{344C95E6-5618-4FFF-9A33-61F7AB404EE9}"
EndProject
Project("{9A19103F-16F7-4668-BE54-9A1E7A4F7556}") = "DalList", "DalList\DalList.csproj", "{867F2A68-3758-4C30-B995-FA8B63943795}"
EndProject
Project("{9A19103F-16F7-4668-BE54-9A1E7A4F7556}") = "DalFacade", "DalFacade\DalFacade.csproj", "{F263197B-3D32-4DE6-9B78-5F3508D528C3}"
EndProject
Project("{9A19103F-16F7-4668-BE54-9A1E7A4F7556}") = "BL", "BL\BL.csproj", "{7B641B4F-543F-4724-A8EC-09BE4E98A8D0}"
EndProject
Project("{9A19103F-16F7-4668-BE54-9A1E7A4F7556}") = "BlTest", "BIText\BlTest.csproj", "{68652BC9-21FD-43B1-939A-83C7AC316576}"
EndProject
Project("{9A19103F-16F7-4668-BE54-9A1E7A4F7556}") = "PL", "PL\PL.csproj", "{371FE06D-1594-4DFD-B0E8-AA3ABC014B29}"
EndProject
Project("{2150E333-8FDC-42A3-9474-1A3956D46DE8}") = "xml", "xml", "{8DE68996-B44B-44EC-8EC4-7EAB1E661EB4}"
EndProject
Global
	GlobalSection(SolutionConfigurationPlatforms) = preSolution
		Debug|Any CPU = Debug|Any CPU
		Release|Any CPU = Release|Any CPU
	EndGlobalSection
	GlobalSection(ProjectConfigurationPlatforms) = postSolution
		{4FED8CE7-6998-4CB0-8BF4-6C2F1236BF28}.Debug|Any CPU.ActiveCfg = Debug|Any CPU
		{4FED8CE7-6998-4CB0-8BF4-6C2F1236BF28}.Debug|Any CPU.Build.0 = Debug|Any CPU
		{4FED8CE7-6998-4CB0-8BF4-6C2F1236BF28}.Release|Any CPU.ActiveCfg = Release|Any CPU
		{4FED8CE7-6998-4CB0-8BF4-6C2F1236BF28}.Release|Any CPU.Build.0 = Release|Any CPU
		{344C95E6-5618-4FFF-9A33-61F7AB404EE9}.Debug|Any CPU.ActiveCfg = Debug|Any CPU
		{344C95E6-5618-4FFF-9A33-61F7AB404EE9}.Debug|Any CPU.Build.0 = Debug|Any CPU
		{344C95E6-5618-4FFF-9A33-61F7AB404EE9}.Release|Any CPU.ActiveCfg = Release|Any CPU
		{344C95E6-5618-4FFF-9A33-61F7AB404EE9}.Release|Any CPU.Build.0 = Release|Any CPU
		{867F2A68-3758-4C30-B995-FA8B63943795}.Debug|Any CPU.ActiveCfg = Debug|Any CPU
		{867F2A68-3758-4C30-B995-FA8B63943795}.Debug|Any CPU.Build.0 = Debug|Any CPU
		{867F2A68-3758-4C30-B995-FA8B63943795}.Release|Any CPU.ActiveCfg = Release|Any CPU
		{867F2A68-3758-4C30-B995-FA8B63943795}.Release|Any CPU.Build.0 = Release|Any CPU
		{F263197B-3D32-4DE6-9B78-5F3508D528C3}.Debug|Any CPU.ActiveCfg = Debug|Any CPU
		{F263197B-3D32-4DE6-9B78-5F3508D528C3}.Debug|Any CPU.Build.0 = Debug|Any CPU
		{F263197B-3D32-4DE6-9B78-5F3508D528C3}.Release|Any CPU.ActiveCfg = Release|Any CPU
		{F263197B-3D32-4DE6-9B78-5F3508D528C3}.Release|Any CPU.Build.0 = Release|Any CPU
		{7B641B4F-543F-4724-A8EC-09BE4E98A8D0}.Debug|Any CPU.ActiveCfg = Debug|Any CPU
		{7B641B4F-543F-4724-A8EC-09BE4E98A8D0}.Debug|Any CPU.Build.0 = Debug|Any CPU
		{7B641B4F-543F-4724-A8EC-09BE4E98A8D0}.Release|Any CPU.ActiveCfg = Release|Any CPU
		{7B641B4F-543F-4724-A8EC-09BE4E98A8D0}.Release|Any CPU.Build.0 = Release|Any CPU
		{68652BC9-21FD-43B1-939A-83C7AC316576}.Debug|Any CPU.ActiveCfg = Debug|Any CPU
		{68652BC9-21FD-43B1-939A-83C7AC316576}.Debug|Any CPU.Build.0 = Debug|Any CPU
		{68652BC9-21FD-43B1-939A-83C7AC316576}.Release|Any CPU.ActiveCfg = Release|Any CPU
		{68652BC9-21FD-43B1-939A-83C7AC316576}.Release|Any CPU.Build.0 = Release|Any CPU
		{371FE06D-1594-4DFD-B0E8-AA3ABC014B29}.Debug|Any CPU.ActiveCfg = Debug|Any CPU
		{371FE06D-1594-4DFD-B0E8-AA3ABC014B29}.Debug|Any CPU.Build.0 = Debug|Any CPU
		{371FE06D-1594-4DFD-B0E8-AA3ABC014B29}.Release|Any CPU.ActiveCfg = Release|Any CPU
		{371FE06D-1594-4DFD-B0E8-AA3ABC014B29}.Release|Any CPU.Build.0 = Release|Any CPU
	EndGlobalSection
	GlobalSection(SolutionProperties) = preSolution
		HideSolutionNode = FALSE
	EndGlobalSection
	GlobalSection(ExtensibilityGlobals) = postSolution
		SolutionGuid = {A7AE30A5-E839-42FE-8AD4-6E73D81FFE03}
	EndGlobalSection
EndGlobal
